
Microsoft Visual Studio Solution File, Format Version 12.00
# Visual Studio Version 17
VisualStudioVersion = 17.5.33516.290
MinimumVisualStudioVersion = 10.0.40219.1
Project("{9A19103F-16F7-4668-BE54-9A1E7A4F7556}") = "GeometryLibrary", "GeometryCalculator\GeometryLibrary.csproj", "{7B015898-EBC4-4ADC-B292-C8A53417004E}"
EndProject
Project("{9A19103F-16F7-4668-BE54-9A1E7A4F7556}") = "GeometryLibrary.Tests", "GeometryCalculator.Tests\GeometryLibrary.Tests.csproj", "{6CCCF5BB-D50E-4AC9-9A52-66E5CBCB1F01}"
EndProject
Project("{FAE04EC0-301F-11D3-BF4B-00C04F79EFBC}") = "GeometryCalculator", "GeometryCalculator.App\GeometryCalculator\GeometryCalculator.csproj", "{B24B239B-E779-41B0-83F1-C6D5ED54EA74}"
EndProject
Global
	GlobalSection(SolutionConfigurationPlatforms) = preSolution
		Debug|Any CPU = Debug|Any CPU
		Release|Any CPU = Release|Any CPU
	EndGlobalSection
	GlobalSection(ProjectConfigurationPlatforms) = postSolution
		{7B015898-EBC4-4ADC-B292-C8A53417004E}.Debug|Any CPU.ActiveCfg = Debug|Any CPU
		{7B015898-EBC4-4ADC-B292-C8A53417004E}.Debug|Any CPU.Build.0 = Debug|Any CPU
		{7B015898-EBC4-4ADC-B292-C8A53417004E}.Release|Any CPU.ActiveCfg = Release|Any CPU
		{7B015898-EBC4-4ADC-B292-C8A53417004E}.Release|Any CPU.Build.0 = Release|Any CPU
		{6CCCF5BB-D50E-4AC9-9A52-66E5CBCB1F01}.Debug|Any CPU.ActiveCfg = Debug|Any CPU
		{6CCCF5BB-D50E-4AC9-9A52-66E5CBCB1F01}.Debug|Any CPU.Build.0 = Debug|Any CPU
		{6CCCF5BB-D50E-4AC9-9A52-66E5CBCB1F01}.Release|Any CPU.ActiveCfg = Release|Any CPU
		{6CCCF5BB-D50E-4AC9-9A52-66E5CBCB1F01}.Release|Any CPU.Build.0 = Release|Any CPU
		{B24B239B-E779-41B0-83F1-C6D5ED54EA74}.Debug|Any CPU.ActiveCfg = Debug|Any CPU
		{B24B239B-E779-41B0-83F1-C6D5ED54EA74}.Debug|Any CPU.Build.0 = Debug|Any CPU
		{B24B239B-E779-41B0-83F1-C6D5ED54EA74}.Release|Any CPU.ActiveCfg = Release|Any CPU
		{B24B239B-E779-41B0-83F1-C6D5ED54EA74}.Release|Any CPU.Build.0 = Release|Any CPU
	EndGlobalSection
	GlobalSection(SolutionProperties) = preSolution
		HideSolutionNode = FALSE
	EndGlobalSection
	GlobalSection(ExtensibilityGlobals) = postSolution
		SolutionGuid = {DDBC7804-E511-4D8B-A74C-06ABFB08229C}
	EndGlobalSection
EndGlobal
